
Microsoft Visual Studio Solution File, Format Version 12.00
# Visual Studio 15
VisualStudioVersion = 15.0.26430.14
MinimumVisualStudioVersion = 10.0.40219.1
Project("{FAE04EC0-301F-11D3-BF4B-00C04F79EFBC}") = "mvc.Web", "mvc\mvc.Web.csproj", "{0BE7A5DF-0D5E-4554-A301-4D10EB344878}"
EndProject
Project("{FAE04EC0-301F-11D3-BF4B-00C04F79EFBC}") = "mvc.WebApi", "mvc.WebApi\mvc.WebApi.csproj", "{457113BD-16AA-4C24-8A49-439B69853E61}"
EndProject
Project("{FAE04EC0-301F-11D3-BF4B-00C04F79EFBC}") = "mvc.BLL", "mvc.BLL\mvc.BLL.csproj", "{89572E15-D97F-4A6A-888C-32D5378ACD53}"
EndProject
Project("{FAE04EC0-301F-11D3-BF4B-00C04F79EFBC}") = "mvc.IBLL", "mvc.IBLL\mvc.IBLL.csproj", "{1EE33826-D773-413A-93EA-A41AFB7043BB}"
EndProject
Project("{2150E333-8FDC-42A3-9474-1A3956D46DE8}") = "mvc.Base", "mvc.Base", "{73E83B58-5D2E-4462-800D-C71EEB999B61}"
EndProject
Project("{FAE04EC0-301F-11D3-BF4B-00C04F79EFBC}") = "mvc.DAL", "mvc.DAL\mvc.DAL.csproj", "{C9A42006-8F7C-4A75-B9EE-C8E1F0F2AA33}"
EndProject
Project("{FAE04EC0-301F-11D3-BF4B-00C04F79EFBC}") = "mvc.IDAL", "mvc.IDAL\mvc.IDAL.csproj", "{07100494-C80E-405A-A1BB-C027D9D7B7FE}"
EndProject
Project("{FAE04EC0-301F-11D3-BF4B-00C04F79EFBC}") = "mvc.Common", "mvc.Common\mvc.Common.csproj", "{3E478CC0-4888-42C1-9A8A-9CEFC12A4684}"
EndProject
Project("{FAE04EC0-301F-11D3-BF4B-00C04F79EFBC}") = "mvc.Core", "mvc.Core\mvc.Core.csproj", "{8148CF5F-C5F3-4D6C-9DAA-1C6F8A5B6D56}"
EndProject
Project("{FAE04EC0-301F-11D3-BF4B-00C04F79EFBC}") = "mvc.Jobs", "mvc.Jobs\mvc.Jobs.csproj", "{283C16EE-0CB1-4D77-9B5A-D4D2BED47D16}"
EndProject
Project("{FAE04EC0-301F-11D3-BF4B-00C04F79EFBC}") = "mvc.Locale", "mvc.Locale\mvc.Locale.csproj", "{BAA47F0E-3983-42E0-984C-A3DC88ED5631}"
EndProject
Project("{FAE04EC0-301F-11D3-BF4B-00C04F79EFBC}") = "mvc.Models", "mvc.Models\mvc.Models.csproj", "{7988C218-A320-4DDB-9256-542E564BB4CA}"
EndProject
Global
	GlobalSection(SolutionConfigurationPlatforms) = preSolution
		Debug|Any CPU = Debug|Any CPU
		Release|Any CPU = Release|Any CPU
	EndGlobalSection
	GlobalSection(ProjectConfigurationPlatforms) = postSolution
		{0BE7A5DF-0D5E-4554-A301-4D10EB344878}.Debug|Any CPU.ActiveCfg = Debug|Any CPU
		{0BE7A5DF-0D5E-4554-A301-4D10EB344878}.Debug|Any CPU.Build.0 = Debug|Any CPU
		{0BE7A5DF-0D5E-4554-A301-4D10EB344878}.Release|Any CPU.ActiveCfg = Release|Any CPU
		{0BE7A5DF-0D5E-4554-A301-4D10EB344878}.Release|Any CPU.Build.0 = Release|Any CPU
		{457113BD-16AA-4C24-8A49-439B69853E61}.Debug|Any CPU.ActiveCfg = Debug|Any CPU
		{457113BD-16AA-4C24-8A49-439B69853E61}.Debug|Any CPU.Build.0 = Debug|Any CPU
		{457113BD-16AA-4C24-8A49-439B69853E61}.Release|Any CPU.ActiveCfg = Release|Any CPU
		{457113BD-16AA-4C24-8A49-439B69853E61}.Release|Any CPU.Build.0 = Release|Any CPU
		{89572E15-D97F-4A6A-888C-32D5378ACD53}.Debug|Any CPU.ActiveCfg = Debug|Any CPU
		{89572E15-D97F-4A6A-888C-32D5378ACD53}.Debug|Any CPU.Build.0 = Debug|Any CPU
		{89572E15-D97F-4A6A-888C-32D5378ACD53}.Release|Any CPU.ActiveCfg = Release|Any CPU
		{89572E15-D97F-4A6A-888C-32D5378ACD53}.Release|Any CPU.Build.0 = Release|Any CPU
		{1EE33826-D773-413A-93EA-A41AFB7043BB}.Debug|Any CPU.ActiveCfg = Debug|Any CPU
		{1EE33826-D773-413A-93EA-A41AFB7043BB}.Debug|Any CPU.Build.0 = Debug|Any CPU
		{1EE33826-D773-413A-93EA-A41AFB7043BB}.Release|Any CPU.ActiveCfg = Release|Any CPU
		{1EE33826-D773-413A-93EA-A41AFB7043BB}.Release|Any CPU.Build.0 = Release|Any CPU
		{C9A42006-8F7C-4A75-B9EE-C8E1F0F2AA33}.Debug|Any CPU.ActiveCfg = Debug|Any CPU
		{C9A42006-8F7C-4A75-B9EE-C8E1F0F2AA33}.Debug|Any CPU.Build.0 = Debug|Any CPU
		{C9A42006-8F7C-4A75-B9EE-C8E1F0F2AA33}.Release|Any CPU.ActiveCfg = Release|Any CPU
		{C9A42006-8F7C-4A75-B9EE-C8E1F0F2AA33}.Release|Any CPU.Build.0 = Release|Any CPU
		{07100494-C80E-405A-A1BB-C027D9D7B7FE}.Debug|Any CPU.ActiveCfg = Debug|Any CPU
		{07100494-C80E-405A-A1BB-C027D9D7B7FE}.Debug|Any CPU.Build.0 = Debug|Any CPU
		{07100494-C80E-405A-A1BB-C027D9D7B7FE}.Release|Any CPU.ActiveCfg = Release|Any CPU
		{07100494-C80E-405A-A1BB-C027D9D7B7FE}.Release|Any CPU.Build.0 = Release|Any CPU
		{3E478CC0-4888-42C1-9A8A-9CEFC12A4684}.Debug|Any CPU.ActiveCfg = Debug|Any CPU
		{3E478CC0-4888-42C1-9A8A-9CEFC12A4684}.Debug|Any CPU.Build.0 = Debug|Any CPU
		{3E478CC0-4888-42C1-9A8A-9CEFC12A4684}.Release|Any CPU.ActiveCfg = Release|Any CPU
		{3E478CC0-4888-42C1-9A8A-9CEFC12A4684}.Release|Any CPU.Build.0 = Release|Any CPU
		{8148CF5F-C5F3-4D6C-9DAA-1C6F8A5B6D56}.Debug|Any CPU.ActiveCfg = Debug|Any CPU
		{8148CF5F-C5F3-4D6C-9DAA-1C6F8A5B6D56}.Debug|Any CPU.Build.0 = Debug|Any CPU
		{8148CF5F-C5F3-4D6C-9DAA-1C6F8A5B6D56}.Release|Any CPU.ActiveCfg = Release|Any CPU
		{8148CF5F-C5F3-4D6C-9DAA-1C6F8A5B6D56}.Release|Any CPU.Build.0 = Release|Any CPU
		{283C16EE-0CB1-4D77-9B5A-D4D2BED47D16}.Debug|Any CPU.ActiveCfg = Debug|Any CPU
		{283C16EE-0CB1-4D77-9B5A-D4D2BED47D16}.Debug|Any CPU.Build.0 = Debug|Any CPU
		{283C16EE-0CB1-4D77-9B5A-D4D2BED47D16}.Release|Any CPU.ActiveCfg = Release|Any CPU
		{283C16EE-0CB1-4D77-9B5A-D4D2BED47D16}.Release|Any CPU.Build.0 = Release|Any CPU
		{BAA47F0E-3983-42E0-984C-A3DC88ED5631}.Debug|Any CPU.ActiveCfg = Debug|Any CPU
		{BAA47F0E-3983-42E0-984C-A3DC88ED5631}.Debug|Any CPU.Build.0 = Debug|Any CPU
		{BAA47F0E-3983-42E0-984C-A3DC88ED5631}.Release|Any CPU.ActiveCfg = Release|Any CPU
		{BAA47F0E-3983-42E0-984C-A3DC88ED5631}.Release|Any CPU.Build.0 = Release|Any CPU
		{7988C218-A320-4DDB-9256-542E564BB4CA}.Debug|Any CPU.ActiveCfg = Debug|Any CPU
		{7988C218-A320-4DDB-9256-542E564BB4CA}.Debug|Any CPU.Build.0 = Debug|Any CPU
		{7988C218-A320-4DDB-9256-542E564BB4CA}.Release|Any CPU.ActiveCfg = Release|Any CPU
		{7988C218-A320-4DDB-9256-542E564BB4CA}.Release|Any CPU.Build.0 = Release|Any CPU
	EndGlobalSection
	GlobalSection(SolutionProperties) = preSolution
		HideSolutionNode = FALSE
	EndGlobalSection
	GlobalSection(NestedProjects) = preSolution
		{89572E15-D97F-4A6A-888C-32D5378ACD53} = {73E83B58-5D2E-4462-800D-C71EEB999B61}
		{1EE33826-D773-413A-93EA-A41AFB7043BB} = {73E83B58-5D2E-4462-800D-C71EEB999B61}
		{C9A42006-8F7C-4A75-B9EE-C8E1F0F2AA33} = {73E83B58-5D2E-4462-800D-C71EEB999B61}
		{07100494-C80E-405A-A1BB-C027D9D7B7FE} = {73E83B58-5D2E-4462-800D-C71EEB999B61}
	EndGlobalSection
EndGlobal
